
Microsoft Visual Studio Solution File, Format Version 12.00
# Visual Studio Version 16
VisualStudioVersion = 16.0.30907.101
MinimumVisualStudioVersion = 10.0.40219.1
Project("{FAE04EC0-301F-11D3-BF4B-00C04F79EFBC}") = "PrepMajorAutomation", "PrepMajorAutomation.csproj", "{FD8C5BE5-B012-44B9-9530-421F811A8876}"
EndProject
Global
	GlobalSection(SolutionConfigurationPlatforms) = preSolution
		Debug|Any CPU = Debug|Any CPU
		Release|Any CPU = Release|Any CPU
	EndGlobalSection
	GlobalSection(ProjectConfigurationPlatforms) = postSolution
		{FD8C5BE5-B012-44B9-9530-421F811A8876}.Debug|Any CPU.ActiveCfg = Debug|Any CPU
		{FD8C5BE5-B012-44B9-9530-421F811A8876}.Debug|Any CPU.Build.0 = Debug|Any CPU
		{FD8C5BE5-B012-44B9-9530-421F811A8876}.Release|Any CPU.ActiveCfg = Release|Any CPU
		{FD8C5BE5-B012-44B9-9530-421F811A8876}.Release|Any CPU.Build.0 = Release|Any CPU
	EndGlobalSection
	GlobalSection(SolutionProperties) = preSolution
		HideSolutionNode = FALSE
	EndGlobalSection
	GlobalSection(ExtensibilityGlobals) = postSolution
		SolutionGuid = {3AD648FA-37DF-45C0-A655-CD17337E24A2}
	EndGlobalSection
EndGlobal
